{
    "_meta": {
        "hash": {
            "sha256": "42daee2097f70fd3114b29def8fcc520aef006a5aa09bc14e39fa391684994cb"
        },
        "pipfile-spec": 6,
        "requires": {
            "python_version": "3.10"
        },
        "sources": [
            {
                "name": "pypi",
                "url": "https://pypi.org/simple",
                "verify_ssl": true
            }
        ]
    },
    "default": {
        "asgiref": {
            "hashes": [
                "sha256:1d2880b792ae8757289136f1db2b7b99100ce959b2aa57fd69dab783d05afac4",
                "sha256:4a29362a6acebe09bf1d6640db38c1dc3d9217c68e6f9f6204d72667fc19a424"
            ],
            "markers": "python_version >= '3.7'",
            "version": "==3.5.2"
        },
        "attrs": {
            "hashes": [
                "sha256:10cbf6e27dbce8c30807caf056c8eb50917e0eaafe86347671b57254006c3e69",
                "sha256:ca4be454458f9dec299268d472aaa5a11f67a4ff70093396e1ceae9c76cf4bbb"
            ],
            "version": "==18.2.0"
        },
        "beautifulsoup4": {
            "hashes": [
                "sha256:58d5c3d29f5a36ffeb94f02f0d786cd53014cf9b3b3951d42e0080d8a9498d30",
                "sha256:ad9aa55b65ef2808eb405f46cf74df7fcb7044d5cbc26487f96eb2ef2e436693"
            ],
            "markers": "python_full_version >= '3.6.0'",
            "version": "==4.11.1"
        },
        "bs4": {
            "hashes": [
                "sha256:36ecea1fd7cc5c0c6e4a1ff075df26d50da647b75376626cc186e2212886dd3a"
            ],
            "index": "pypi",
            "version": "==0.0.1"
        },
        "certifi": {
            "hashes": [
                "sha256:0d9c601124e5a6ba9712dbc60d9c53c21e34f5f641fe83002317394311bdce14",
                "sha256:90c1a32f1d68f940488354e36370f6cca89f0f106db09518524c88d6ed83f382"
            ],
            "markers": "python_full_version >= '3.6.0'",
            "version": "==2022.9.24"
        },
        "charset-normalizer": {
            "hashes": [
                "sha256:5a3d016c7c547f69d6f81fb0db9449ce888b418b5b9952cc5e6e66843e9dd845",
                "sha256:83e9a75d1911279afd89352c68b45348559d1fc0506b054b346651b5e7fee29f"
            ],
            "markers": "python_full_version >= '3.6.0'",
            "version": "==2.1.1"
        },
        "django": {
            "hashes": [
                "sha256:26dc24f99c8956374a054bcbf58aab8dc0cad2e6ac82b0fe036b752c00eee793",
                "sha256:b8d843714810ab88d59344507d4447be8b2cf12a49031363b6eed9f1b9b2280f"
            ],
            "index": "pypi",
            "version": "==4.1.2"
        },
        "gtc": {
            "hashes": [
                "sha256:7c71da5734057a70c3ab262ef065e3628683860963b8fbe7ae865caae08f9343",
                "sha256:fdef7390ba0bb471a4729ae4eb110c6e7f548154c6146632c4a7c4225593f695"
            ],
            "index": "pypi",
            "version": "==1.4.0"
        },
        "html5": {
            "hashes": [
                "sha256:0dcc8ab9a80924817c52c6fdcb7f2d3d22ae0977604f361731f11bc01c015a37",
                "sha256:c4ea3de7615dc8dc373b386db4f0e839e16f56c66afe68933313d76fb469240a"
            ],
            "index": "pypi",
            "version": "==0.0.9"
        },
        "html5lib": {
            "hashes": [
                "sha256:0d78f8fde1c230e99fe37986a60526d7049ed4bf8a9fadbad5f00e22e58e041d",
                "sha256:b2e5b40261e20f354d198eae92afc10d750afb487ed5e50f9c4eaf07c184146f"
            ],
            "index": "pypi",
            "version": "==1.1"
        },
        "idna": {
            "hashes": [
                "sha256:814f528e8dead7d329833b91c5faa87d60bf71824cd12a7530b5526063d02cb4",
                "sha256:90b77e79eaa3eba6de819a0c442c0b4ceefc341a7a2ab77d7562bf49f425c5c2"
            ],
            "markers": "python_version >= '3.5'",
            "version": "==3.4"
        },
        "isodate": {
            "hashes": [
                "sha256:0751eece944162659049d35f4f549ed815792b38793f07cf73381c1c87cbed96",
                "sha256:48c5881de7e8b0a0d648cb024c8062dc84e7b840ed81e864c7614fd3c127bde9"
            ],
            "version": "==0.6.1"
        },
        "mypy-extensions": {
            "hashes": [
                "sha256:090fedd75945a69ae91ce1303b5824f428daf5a028d2f6ab8a299250a846f15d",
                "sha256:2d82818f5bb3e369420cb3c4060a7970edba416647068eb4c5343488a6c604a8"
            ],
            "version": "==0.4.3"
        },
        "mysqlclient": {
            "hashes": [
                "sha256:0d1cd3a5a4d28c222fa199002810e8146cffd821410b67851af4cc80aeccd97c",
                "sha256:828757e419fb11dd6c5ed2576ec92c3efaa93a0f7c39e263586d1ee779c3d782",
                "sha256:996924f3483fd36a34a5812210c69e71dea5a3d5978d01199b78b7f6d485c855",
                "sha256:b355c8b5a7d58f2e909acdbb050858390ee1b0e13672ae759e5e784110022994",
                "sha256:c1ed71bd6244993b526113cca3df66428609f90e4652f37eb51c33496d478b37",
                "sha256:c812b67e90082a840efb82a8978369e6e69fc62ce1bda4ca8f3084a9d862308b",
                "sha256:dea88c8d3f5a5d9293dfe7f087c16dd350ceb175f2f6631c9cf4caf3e19b7a96"
            ],
            "index": "pypi",
            "version": "==2.1.1"
        },
        "numpy": {
            "hashes": [
                "sha256:0fe563fc8ed9dc4474cbf70742673fc4391d70f4363f917599a7fa99f042d5a8",
                "sha256:12ac457b63ec8ded85d85c1e17d85efd3c2b0967ca39560b307a35a6703a4735",
                "sha256:2341f4ab6dba0834b685cce16dad5f9b6606ea8a00e6da154f5dbded70fdc4dd",
                "sha256:296d17aed51161dbad3c67ed6d164e51fcd18dbcd5dd4f9d0a9c6055dce30810",
                "sha256:488a66cb667359534bc70028d653ba1cf307bae88eab5929cd707c761ff037db",
                "sha256:4d52914c88b4930dafb6c48ba5115a96cbab40f45740239d9f4159c4ba779962",
                "sha256:5e13030f8793e9ee42f9c7d5777465a560eb78fa7e11b1c053427f2ccab90c79",
                "sha256:61be02e3bf810b60ab74e81d6d0d36246dbfb644a462458bb53b595791251911",
                "sha256:7607b598217745cc40f751da38ffd03512d33ec06f3523fb0b5f82e09f6f676d",
                "sha256:7a70a7d3ce4c0e9284e92285cba91a4a3f5214d87ee0e95928f3614a256a1488",
                "sha256:7ab46e4e7ec63c8a5e6dbf5c1b9e1c92ba23a7ebecc86c336cb7bf3bd2fb10e5",
                "sha256:8981d9b5619569899666170c7c9748920f4a5005bf79c72c07d08c8a035757b0",
                "sha256:8c053d7557a8f022ec823196d242464b6955a7e7e5015b719e76003f63f82d0f",
                "sha256:926db372bc4ac1edf81cfb6c59e2a881606b409ddc0d0920b988174b2e2a767f",
                "sha256:95d79ada05005f6f4f337d3bb9de8a7774f259341c70bc88047a1f7b96a4bcb2",
                "sha256:95de7dc7dc47a312f6feddd3da2500826defdccbc41608d0031276a24181a2c0",
                "sha256:a0882323e0ca4245eb0a3d0a74f88ce581cc33aedcfa396e415e5bba7bf05f68",
                "sha256:a8365b942f9c1a7d0f0dc974747d99dd0a0cdfc5949a33119caf05cb314682d3",
                "sha256:a8aae2fb3180940011b4862b2dd3756616841c53db9734b27bb93813cd79fce6",
                "sha256:c237129f0e732885c9a6076a537e974160482eab8f10db6292e92154d4c67d71",
                "sha256:c67b833dbccefe97cdd3f52798d430b9d3430396af7cdb2a0c32954c3ef73894",
                "sha256:ce03305dd694c4873b9429274fd41fc7eb4e0e4dea07e0af97a933b079a5814f",
                "sha256:d331afac87c92373826af83d2b2b435f57b17a5c74e6268b79355b970626e329",
                "sha256:dada341ebb79619fe00a291185bba370c9803b1e1d7051610e01ed809ef3a4ba",
                "sha256:ed2cc92af0efad20198638c69bb0fc2870a58dabfba6eb722c933b48556c686c",
                "sha256:f260da502d7441a45695199b4e7fd8ca87db659ba1c78f2bbf31f934fe76ae0e",
                "sha256:f2f390aa4da44454db40a1f0201401f9036e8d578a25f01a6e237cea238337ef",
                "sha256:f76025acc8e2114bb664294a07ede0727aa75d63a06d2fae96bf29a81747e4a7"
            ],
            "markers": "python_version >= '3.8'",
            "version": "==1.23.4"
        },
        "pdflatex": {
            "hashes": [
                "sha256:0e22bf240dd2dc2dd348686e5d259ff00af9ccc8bb1db481c38d03f29184e56e",
                "sha256:b8109ff5a5b813e15d6a9e05b4c4c1ae3893b407ad1f8567ef5b89ec37a7aed5"
            ],
            "index": "pypi",
            "version": "==0.1.3"
        },
        "pnglatex": {
            "hashes": [
                "sha256:0995060d4926b6d3b40731586c615234c3e45b3142fc15b836601e3b0cf863d3",
                "sha256:8d1d01c59e14ad05ef152194c1bd28f996f0d999b93a67110f24e8be7c0aee20"
            ],
            "index": "pypi",
            "version": "==1.1"
        },
        "pyparsing": {
            "hashes": [
                "sha256:2b020ecf7d21b687f219b71ecad3631f644a47f01403fa1d1036b0c6416d70fb",
                "sha256:5026bae9a10eeaefb61dab2f09052b9f4307d44aee4eda64b309723d8d206bbc"
            ],
            "markers": "python_full_version >= '3.6.8'",
            "version": "==3.0.9"
        },
        "pytz": {
            "hashes": [
                "sha256:2c0784747071402c6e99f0bafdb7da0fa22645f06554c7ae06bf6358897e9c91",
                "sha256:48ce799d83b6f8aab2020e369b627446696619e79645419610b9facd909b3174"
            ],
            "index": "pypi",
            "version": "==2022.4"
        },
        "qwikidata": {
            "hashes": [
                "sha256:87bad1e8af6d0d4c98df362075d3d683ce33ec360ced362b2f6c22bebcf709f7",
                "sha256:87dde2e336c0b926cc1e5a681e384a93dda5e7f59aad11180085a335183448bb"
            ],
            "index": "pypi",
            "version": "==0.4.1"
        },
        "rdflib": {
            "hashes": [
                "sha256:62dc3c86d1712db0f55785baf8047f63731fa59b2682be03219cb89262065942",
                "sha256:85c34a86dfc517a41e5f2425a41a0aceacc23983462b32e68610b9fad1383bca"
            ],
            "index": "pypi",
            "version": "==6.2.0"
        },
        "requests": {
            "hashes": [
                "sha256:7c5599b102feddaa661c826c56ab4fee28bfd17f5abca1ebbe3e7f19d7c97983",
                "sha256:8fefa2a1a1365bf5520aac41836fbee479da67864514bdb821f31ce07ce65349"
            ],
            "index": "pypi",
            "version": "==2.28.1"
        },
        "scipy": {
            "hashes": [
                "sha256:0e9c83dccac06f3b9aa02df69577f239758d5d0d0c069673fb0b47ecb971983d",
                "sha256:148cb6f53d9d10dafde848e9aeb1226bf2809d16dc3221b2fa568130b6f2e586",
                "sha256:17be1a7c68ec4c49d8cd4eb1655d55d14a54ab63012296bdd5921c92dc485acd",
                "sha256:1e3b23a82867018cd26255dc951789a7c567921622073e1113755866f1eae928",
                "sha256:22380e076a162e81b659d53d75b02e9c75ad14ea2d53d9c645a12543414e2150",
                "sha256:4012dbe540732311b8f4388b7e1482eb43a7cc0435bbf2b9916b3d6c38fb8d01",
                "sha256:5994a8232cc6510a8e85899661df2d11198bf362f0ffe6fbd5c0aca17ab46ce3",
                "sha256:61b95283529712101bfb7c87faf94cb86ed9e64de079509edfe107e5cfa55733",
                "sha256:658fd31c6ad4eb9fa3fd460fcac779f70a6bc7480288a211b7658a25891cf01d",
                "sha256:7b2608b3141c257d01ae772e23b3de9e04d27344e6b68a890883795229cb7191",
                "sha256:82e8bfb352aa9dce9a0ffe81f4c369a2c87c85533519441686f59f21d8c09697",
                "sha256:885b7ac56d7460544b2ef89ab9feafa30f4264c9825d975ef690608d07e6cc55",
                "sha256:8c8c29703202c39d699b0d6b164bde5501c212005f20abf46ae322b9307c8a41",
                "sha256:92c5e627a0635ca02e6494bbbdb74f98d93ac8730416209d61de3b70c8a821be",
                "sha256:99e7720caefb8bca6ebf05c7d96078ed202881f61e0c68bd9e0f3e8097d6f794",
                "sha256:a72297eb9702576bd8f626bb488fd32bb35349d3120fc4a5e733db137f06c9a6",
                "sha256:aa270cc6080c987929335c4cb94e8054fee9a6058cecff22276fa5dbab9856fc",
                "sha256:b6194da32e0ce9200b2eda4eb4edb89c5cb8b83d6deaf7c35f8ad3d5d7627d5c",
                "sha256:bbed414fc25d64bd6d1613dc0286fbf91902219b8be63ad254525162235b67e9",
                "sha256:d6cb1f92ded3fc48f7dbe94d20d7b9887e13b874e79043907de541c841563b4c",
                "sha256:ee4ceed204f269da19f67f0115a85d3a2cd8547185037ad99a4025f9c61d02e9"
            ],
            "markers": "python_version >= '3.8'",
            "version": "==1.9.2"
        },
        "setuptools": {
            "hashes": [
                "sha256:1b6bdc6161661409c5f21508763dc63ab20a9ac2f8ba20029aaaa7fdb9118012",
                "sha256:3050e338e5871e70c72983072fe34f6032ae1cdeeeb67338199c2f74e083a80e"
            ],
            "index": "pypi",
            "version": "==65.4.1"
        },
        "six": {
            "hashes": [
                "sha256:1e61c37477a1626458e36f7b1d82aa5c9b094fa4802892072e49de9c60c4c926",
                "sha256:8abb2f1d86890a2dfb989f9a77cfcfd3e47c2a354b01111771326f8aa26e0254"
            ],
            "markers": "python_version >= '2.7' and python_version not in '3.0, 3.1, 3.2, 3.3'",
            "version": "==1.16.0"
        },
        "soupsieve": {
            "hashes": [
                "sha256:3b2503d3c7084a42b1ebd08116e5f81aadfaea95863628c80a3b774a11b7c759",
                "sha256:fc53893b3da2c33de295667a0e19f078c14bf86544af307354de5fcf12a3f30d"
            ],
            "markers": "python_full_version >= '3.6.0'",
            "version": "==2.3.2.post1"
        },
        "sqlparse": {
            "hashes": [
                "sha256:0323c0ec29cd52bceabc1b4d9d579e311f3e4961b98d174201d5622a23b85e34",
                "sha256:69ca804846bb114d2ec380e4360a8a340db83f0ccf3afceeb1404df028f57268"
            ],
            "markers": "python_version >= '3.5'",
            "version": "==0.4.3"
        },
        "urllib3": {
            "hashes": [
                "sha256:3fa96cf423e6987997fc326ae8df396db2a8b7c667747d47ddd8ecba91f4a74e",
                "sha256:b930dd878d5a8afb066a637fbb35144fe7901e3b209d1cd4f524bd0e9deee997"
            ],
            "markers": "python_version >= '2.7' and python_version not in '3.0, 3.1, 3.2, 3.3, 3.4, 3.5' and python_version < '4'",
            "version": "==1.26.12"
        },
        "webencodings": {
            "hashes": [
                "sha256:a0af1213f3c2226497a97e2b3aa01a7e4bee4f403f95be16fc9acd2947514a78",
                "sha256:b36a1c245f2d304965eb4e0a82848379241dc04b865afcc4aab16748587e1923"
            ],
            "version": "==0.5.1"
        }
    },
    "develop": {}
}
